{
  "name": "pg.javascript_package_manager",
  "lockfileVersion": 2,
  "requires": true,
  "packages": {
    "": {
      "name": "pg.javascript_package_manager",
      "license": "GPL-2.0+",
      "dependencies": {
        "codemirror": "^5.65.11"
      }
    },
    "node_modules/codemirror": {
      "version": "5.65.13",
      "resolved": "https://registry.npmjs.org/codemirror/-/codemirror-5.65.13.tgz",
      "integrity": "sha512-SVWEzKXmbHmTQQWaz03Shrh4nybG0wXx2MEu3FO4ezbPW8IbnZEd5iGHGEffSUaitKYa3i+pHpBsSvw8sPHtzg=="
    }
  },
  "dependencies": {
    "codemirror": {
      "version": "5.65.13",
      "resolved": "https://registry.npmjs.org/codemirror/-/codemirror-5.65.13.tgz",
      "integrity": "sha512-SVWEzKXmbHmTQQWaz03Shrh4nybG0wXx2MEu3FO4ezbPW8IbnZEd5iGHGEffSUaitKYa3i+pHpBsSvw8sPHtzg=="
    }
  }
}
